// !$*UTF8*$!
{
	archiveVersion = 1;
	classes = {
	};
	objectVersion = 56;
	objects = {

/* Begin PBXBuildFile section */
		B69DF48B29F64D6900783B3B /* AppDelegate.swift in Sources */ = {isa = PBXBuildFile; fileRef = B69DF48A29F64D6900783B3B /* AppDelegate.swift */; };
		B69DF48D29F64D6900783B3B /* SceneDelegate.swift in Sources */ = {isa = PBXBuildFile; fileRef = B69DF48C29F64D6900783B3B /* SceneDelegate.swift */; };
		B69DF48F29F64D6900783B3B /* ViewController.swift in Sources */ = {isa = PBXBuildFile; fileRef = B69DF48E29F64D6900783B3B /* ViewController.swift */; };
		B69DF49229F64D6900783B3B /* Main.storyboard in Resources */ = {isa = PBXBuildFile; fileRef = B69DF49029F64D6900783B3B /* Main.storyboard */; };
		B69DF49429F64D6B00783B3B /* Assets.xcassets in Resources */ = {isa = PBXBuildFile; fileRef = B69DF49329F64D6B00783B3B /* Assets.xcassets */; };
		B69DF49729F64D6B00783B3B /* LaunchScreen.storyboard in Resources */ = {isa = PBXBuildFile; fileRef = B69DF49529F64D6B00783B3B /* LaunchScreen.storyboard */; };
		B69DF4A229F64D6B00783B3B /* FlightAppTests.swift in Sources */ = {isa = PBXBuildFile; fileRef = B69DF4A129F64D6B00783B3B /* FlightAppTests.swift */; };
		B69DF4AC29F64D6B00783B3B /* FlightAppUITests.swift in Sources */ = {isa = PBXBuildFile; fileRef = B69DF4AB29F64D6B00783B3B /* FlightAppUITests.swift */; };
		B69DF4AE29F64D6B00783B3B /* FlightAppUITestsLaunchTests.swift in Sources */ = {isa = PBXBuildFile; fileRef = B69DF4AD29F64D6B00783B3B /* FlightAppUITestsLaunchTests.swift */; };
		B69DF4C629F64F6000783B3B /* Transform.swift in Sources */ = {isa = PBXBuildFile; fileRef = B69DF4C529F64F6000783B3B /* Transform.swift */; };
		B69DF4C829F64F7A00783B3B /* DataManager.swift in Sources */ = {isa = PBXBuildFile; fileRef = B69DF4C729F64F7A00783B3B /* DataManager.swift */; };
		B69DF4CA29F64F8800783B3B /* Miscellanous.swift in Sources */ = {isa = PBXBuildFile; fileRef = B69DF4C929F64F8800783B3B /* Miscellanous.swift */; };
		B69DF4CC29F64F9E00783B3B /* UniversalUnits.swift in Sources */ = {isa = PBXBuildFile; fileRef = B69DF4CB29F64F9E00783B3B /* UniversalUnits.swift */; };
		B69DF4CE29F64FAB00783B3B /* QRCodeGen.swift in Sources */ = {isa = PBXBuildFile; fileRef = B69DF4CD29F64FAB00783B3B /* QRCodeGen.swift */; };
		B69DF4D029F64FB900783B3B /* Model.swift in Sources */ = {isa = PBXBuildFile; fileRef = B69DF4CF29F64FB900783B3B /* Model.swift */; };
		B69DF4D229F64FC600783B3B /* ViewModel.swift in Sources */ = {isa = PBXBuildFile; fileRef = B69DF4D129F64FC600783B3B /* ViewModel.swift */; };
		B69DF4D429F64FE100783B3B /* FlightDetailsCell.swift in Sources */ = {isa = PBXBuildFile; fileRef = B69DF4D329F64FE100783B3B /* FlightDetailsCell.swift */; };
		B69DF4D629F6500000783B3B /* FlightDetailsVC.swift in Sources */ = {isa = PBXBuildFile; fileRef = B69DF4D529F6500000783B3B /* FlightDetailsVC.swift */; };
		B69DF4D829F6501B00783B3B /* FlightDetailsSetup.swift in Sources */ = {isa = PBXBuildFile; fileRef = B69DF4D729F6501B00783B3B /* FlightDetailsSetup.swift */; };
		B69DF4DA29F6502A00783B3B /* FlightDetailsTableView.swift in Sources */ = {isa = PBXBuildFile; fileRef = B69DF4D929F6502A00783B3B /* FlightDetailsTableView.swift */; };
		B69DF4DC29F6506300783B3B /* MainViewLargeCell.swift in Sources */ = {isa = PBXBuildFile; fileRef = B69DF4DB29F6506300783B3B /* MainViewLargeCell.swift */; };
		B69DF4DE29F6507900783B3B /* MainViewCell.swift in Sources */ = {isa = PBXBuildFile; fileRef = B69DF4DD29F6507900783B3B /* MainViewCell.swift */; };
		B69DF4E029F6509300783B3B /* MainViewController.swift in Sources */ = {isa = PBXBuildFile; fileRef = B69DF4DF29F6509300783B3B /* MainViewController.swift */; };
		B69DF4E329F650B200783B3B /* MainViewBind.swift in Sources */ = {isa = PBXBuildFile; fileRef = B69DF4E229F650B200783B3B /* MainViewBind.swift */; };
		B69DF4E529F650CB00783B3B /* MainViewTableView.swift in Sources */ = {isa = PBXBuildFile; fileRef = B69DF4E429F650CB00783B3B /* MainViewTableView.swift */; };
		B69DF4E729F650D800783B3B /* MainViewLayout.swift in Sources */ = {isa = PBXBuildFile; fileRef = B69DF4E629F650D800783B3B /* MainViewLayout.swift */; };
		B69DF4E929F650E700783B3B /* MainCoordinator.swift in Sources */ = {isa = PBXBuildFile; fileRef = B69DF4E829F650E700783B3B /* MainCoordinator.swift */; };
		B69DF4EB29F650F700783B3B /* Coordinator.swift in Sources */ = {isa = PBXBuildFile; fileRef = B69DF4EA29F650F700783B3B /* Coordinator.swift */; };
		B69DF4FE29F6521E00783B3B /* Localizable.strings in Resources */ = {isa = PBXBuildFile; fileRef = B69DF50029F6521E00783B3B /* Localizable.strings */; };
/* End PBXBuildFile section */

/* Begin PBXContainerItemProxy section */
		B69DF49E29F64D6B00783B3B /* PBXContainerItemProxy */ = {
			isa = PBXContainerItemProxy;
			containerPortal = B69DF47F29F64D6900783B3B /* Project object */;
			proxyType = 1;
			remoteGlobalIDString = B69DF48629F64D6900783B3B;
			remoteInfo = FlightApp;
		};
		B69DF4A829F64D6B00783B3B /* PBXContainerItemProxy */ = {
			isa = PBXContainerItemProxy;
			containerPortal = B69DF47F29F64D6900783B3B /* Project object */;
			proxyType = 1;
			remoteGlobalIDString = B69DF48629F64D6900783B3B;
			remoteInfo = FlightApp;
		};
/* End PBXContainerItemProxy section */

/* Begin PBXFileReference section */
		B69DF48729F64D6900783B3B /* FlightApp.app */ = {isa = PBXFileReference; explicitFileType = wrapper.application; includeInIndex = 0; path = FlightApp.app; sourceTree = BUILT_PRODUCTS_DIR; };
		B69DF48A29F64D6900783B3B /* AppDelegate.swift */ = {isa = PBXFileReference; lastKnownFileType = sourcecode.swift; path = AppDelegate.swift; sourceTree = "<group>"; };
		B69DF48C29F64D6900783B3B /* SceneDelegate.swift */ = {isa = PBXFileReference; lastKnownFileType = sourcecode.swift; path = SceneDelegate.swift; sourceTree = "<group>"; };
		B69DF48E29F64D6900783B3B /* ViewController.swift */ = {isa = PBXFileReference; lastKnownFileType = sourcecode.swift; path = ViewController.swift; sourceTree = "<group>"; };
		B69DF49129F64D6900783B3B /* Base */ = {isa = PBXFileReference; lastKnownFileType = file.storyboard; name = Base; path = Base.lproj/Main.storyboard; sourceTree = "<group>"; };
		B69DF49329F64D6B00783B3B /* Assets.xcassets */ = {isa = PBXFileReference; lastKnownFileType = folder.assetcatalog; path = Assets.xcassets; sourceTree = "<group>"; };
		B69DF49629F64D6B00783B3B /* Base */ = {isa = PBXFileReference; lastKnownFileType = file.storyboard; name = Base; path = Base.lproj/LaunchScreen.storyboard; sourceTree = "<group>"; };
		B69DF49829F64D6B00783B3B /* Info.plist */ = {isa = PBXFileReference; lastKnownFileType = text.plist.xml; path = Info.plist; sourceTree = "<group>"; };
		B69DF49D29F64D6B00783B3B /* FlightAppTests.xctest */ = {isa = PBXFileReference; explicitFileType = wrapper.cfbundle; includeInIndex = 0; path = FlightAppTests.xctest; sourceTree = BUILT_PRODUCTS_DIR; };
		B69DF4A129F64D6B00783B3B /* FlightAppTests.swift */ = {isa = PBXFileReference; lastKnownFileType = sourcecode.swift; path = FlightAppTests.swift; sourceTree = "<group>"; };
		B69DF4A729F64D6B00783B3B /* FlightAppUITests.xctest */ = {isa = PBXFileReference; explicitFileType = wrapper.cfbundle; includeInIndex = 0; path = FlightAppUITests.xctest; sourceTree = BUILT_PRODUCTS_DIR; };
		B69DF4AB29F64D6B00783B3B /* FlightAppUITests.swift */ = {isa = PBXFileReference; lastKnownFileType = sourcecode.swift; path = FlightAppUITests.swift; sourceTree = "<group>"; };
		B69DF4AD29F64D6B00783B3B /* FlightAppUITestsLaunchTests.swift */ = {isa = PBXFileReference; lastKnownFileType = sourcecode.swift; path = FlightAppUITestsLaunchTests.swift; sourceTree = "<group>"; };
		B69DF4C529F64F6000783B3B /* Transform.swift */ = {isa = PBXFileReference; lastKnownFileType = sourcecode.swift; path = Transform.swift; sourceTree = "<group>"; };
		B69DF4C729F64F7A00783B3B /* DataManager.swift */ = {isa = PBXFileReference; lastKnownFileType = sourcecode.swift; path = DataManager.swift; sourceTree = "<group>"; };
		B69DF4C929F64F8800783B3B /* Miscellanous.swift */ = {isa = PBXFileReference; lastKnownFileType = sourcecode.swift; path = Miscellanous.swift; sourceTree = "<group>"; };
		B69DF4CB29F64F9E00783B3B /* UniversalUnits.swift */ = {isa = PBXFileReference; lastKnownFileType = sourcecode.swift; path = UniversalUnits.swift; sourceTree = "<group>"; };
		B69DF4CD29F64FAB00783B3B /* QRCodeGen.swift */ = {isa = PBXFileReference; lastKnownFileType = sourcecode.swift; path = QRCodeGen.swift; sourceTree = "<group>"; };
		B69DF4CF29F64FB900783B3B /* Model.swift */ = {isa = PBXFileReference; lastKnownFileType = sourcecode.swift; path = Model.swift; sourceTree = "<group>"; };
		B69DF4D129F64FC600783B3B /* ViewModel.swift */ = {isa = PBXFileReference; lastKnownFileType = sourcecode.swift; path = ViewModel.swift; sourceTree = "<group>"; };
		B69DF4D329F64FE100783B3B /* FlightDetailsCell.swift */ = {isa = PBXFileReference; lastKnownFileType = sourcecode.swift; path = FlightDetailsCell.swift; sourceTree = "<group>"; };
		B69DF4D529F6500000783B3B /* FlightDetailsVC.swift */ = {isa = PBXFileReference; lastKnownFileType = sourcecode.swift; path = FlightDetailsVC.swift; sourceTree = "<group>"; };
		B69DF4D729F6501B00783B3B /* FlightDetailsSetup.swift */ = {isa = PBXFileReference; lastKnownFileType = sourcecode.swift; path = FlightDetailsSetup.swift; sourceTree = "<group>"; };
		B69DF4D929F6502A00783B3B /* FlightDetailsTableView.swift */ = {isa = PBXFileReference; lastKnownFileType = sourcecode.swift; path = FlightDetailsTableView.swift; sourceTree = "<group>"; };
		B69DF4DB29F6506300783B3B /* MainViewLargeCell.swift */ = {isa = PBXFileReference; lastKnownFileType = sourcecode.swift; path = MainViewLargeCell.swift; sourceTree = "<group>"; };
		B69DF4DD29F6507900783B3B /* MainViewCell.swift */ = {isa = PBXFileReference; lastKnownFileType = sourcecode.swift; path = MainViewCell.swift; sourceTree = "<group>"; };
		B69DF4DF29F6509300783B3B /* MainViewController.swift */ = {isa = PBXFileReference; lastKnownFileType = sourcecode.swift; path = MainViewController.swift; sourceTree = "<group>"; };
		B69DF4E229F650B200783B3B /* MainViewBind.swift */ = {isa = PBXFileReference; lastKnownFileType = sourcecode.swift; path = MainViewBind.swift; sourceTree = "<group>"; };
		B69DF4E429F650CB00783B3B /* MainViewTableView.swift */ = {isa = PBXFileReference; lastKnownFileType = sourcecode.swift; path = MainViewTableView.swift; sourceTree = "<group>"; };
		B69DF4E629F650D800783B3B /* MainViewLayout.swift */ = {isa = PBXFileReference; lastKnownFileType = sourcecode.swift; path = MainViewLayout.swift; sourceTree = "<group>"; };
		B69DF4E829F650E700783B3B /* MainCoordinator.swift */ = {isa = PBXFileReference; lastKnownFileType = sourcecode.swift; path = MainCoordinator.swift; sourceTree = "<group>"; };
		B69DF4EA29F650F700783B3B /* Coordinator.swift */ = {isa = PBXFileReference; lastKnownFileType = sourcecode.swift; path = Coordinator.swift; sourceTree = "<group>"; };
		B69DF4EC29F6511000783B3B /* de */ = {isa = PBXFileReference; lastKnownFileType = text.plist.strings; name = de; path = de.lproj/Main.strings; sourceTree = "<group>"; };
		B69DF4ED29F6511000783B3B /* de */ = {isa = PBXFileReference; lastKnownFileType = text.plist.strings; name = de; path = de.lproj/LaunchScreen.strings; sourceTree = "<group>"; };
		B69DF4EE29F6511600783B3B /* ja */ = {isa = PBXFileReference; lastKnownFileType = text.plist.strings; name = ja; path = ja.lproj/Main.strings; sourceTree = "<group>"; };
		B69DF4EF29F6511600783B3B /* ja */ = {isa = PBXFileReference; lastKnownFileType = text.plist.strings; name = ja; path = ja.lproj/LaunchScreen.strings; sourceTree = "<group>"; };
		B69DF4F029F6511B00783B3B /* ru */ = {isa = PBXFileReference; lastKnownFileType = text.plist.strings; name = ru; path = ru.lproj/Main.strings; sourceTree = "<group>"; };
		B69DF4F129F6511B00783B3B /* ru */ = {isa = PBXFileReference; lastKnownFileType = text.plist.strings; name = ru; path = ru.lproj/LaunchScreen.strings; sourceTree = "<group>"; };
		B69DF4FF29F6521E00783B3B /* en */ = {isa = PBXFileReference; lastKnownFileType = text.plist.strings; name = en; path = en.lproj/Localizable.strings; sourceTree = "<group>"; };
		B69DF50129F6522300783B3B /* de */ = {isa = PBXFileReference; lastKnownFileType = text.plist.strings; name = de; path = de.lproj/Localizable.strings; sourceTree = "<group>"; };
		B69DF50229F6522700783B3B /* ru */ = {isa = PBXFileReference; lastKnownFileType = text.plist.strings; name = ru; path = ru.lproj/Localizable.strings; sourceTree = "<group>"; };
		B69DF50329F6522900783B3B /* ja */ = {isa = PBXFileReference; lastKnownFileType = text.plist.strings; name = ja; path = ja.lproj/Localizable.strings; sourceTree = "<group>"; };
/* End PBXFileReference section */

/* Begin PBXFrameworksBuildPhase section */
		B69DF48429F64D6900783B3B /* Frameworks */ = {
			isa = PBXFrameworksBuildPhase;
			buildActionMask = 2147483647;
			files = (
			);
			runOnlyForDeploymentPostprocessing = 0;
		};
		B69DF49A29F64D6B00783B3B /* Frameworks */ = {
			isa = PBXFrameworksBuildPhase;
			buildActionMask = 2147483647;
			files = (
			);
			runOnlyForDeploymentPostprocessing = 0;
		};
		B69DF4A429F64D6B00783B3B /* Frameworks */ = {
			isa = PBXFrameworksBuildPhase;
			buildActionMask = 2147483647;
			files = (
			);
			runOnlyForDeploymentPostprocessing = 0;
		};
/* End PBXFrameworksBuildPhase section */

/* Begin PBXGroup section */
		B69DF47E29F64D6900783B3B = {
			isa = PBXGroup;
			children = (
				B69DF48929F64D6900783B3B /* FlightApp */,
				B69DF4A029F64D6B00783B3B /* FlightAppTests */,
				B69DF4AA29F64D6B00783B3B /* FlightAppUITests */,
				B69DF48829F64D6900783B3B /* Products */,
			);
			sourceTree = "<group>";
		};
		B69DF48829F64D6900783B3B /* Products */ = {
			isa = PBXGroup;
			children = (
				B69DF48729F64D6900783B3B /* FlightApp.app */,
				B69DF49D29F64D6B00783B3B /* FlightAppTests.xctest */,
				B69DF4A729F64D6B00783B3B /* FlightAppUITests.xctest */,
			);
			name = Products;
			sourceTree = "<group>";
		};
		B69DF48929F64D6900783B3B /* FlightApp */ = {
			isa = PBXGroup;
			children = (
				B69DF4C429F64F4200783B3B /* Transform */,
				B69DF4C329F64F3B00783B3B /* DataManagers */,
				B69DF4C229F64F3500783B3B /* Additional */,
				B69DF4C129F64F3100783B3B /* Model */,
				B69DF4C029F64F2B00783B3B /* ViewModel */,
				B69DF4BE29F64F1900783B3B /* FlightDetails */,
				B69DF4BC29F64F0F00783B3B /* MainView */,
				B69DF4BB29F64F0800783B3B /* Coordinator */,
				B69DF4BA29F64E1300783B3B /* Language  */,
				B69DF48A29F64D6900783B3B /* AppDelegate.swift */,
				B69DF48C29F64D6900783B3B /* SceneDelegate.swift */,
				B69DF48E29F64D6900783B3B /* ViewController.swift */,
				B69DF49029F64D6900783B3B /* Main.storyboard */,
				B69DF49329F64D6B00783B3B /* Assets.xcassets */,
				B69DF49529F64D6B00783B3B /* LaunchScreen.storyboard */,
				B69DF49829F64D6B00783B3B /* Info.plist */,
			);
			path = FlightApp;
			sourceTree = "<group>";
		};
		B69DF4A029F64D6B00783B3B /* FlightAppTests */ = {
			isa = PBXGroup;
			children = (
				B69DF4A129F64D6B00783B3B /* FlightAppTests.swift */,
			);
			path = FlightAppTests;
			sourceTree = "<group>";
		};
		B69DF4AA29F64D6B00783B3B /* FlightAppUITests */ = {
			isa = PBXGroup;
			children = (
				B69DF4AB29F64D6B00783B3B /* FlightAppUITests.swift */,
				B69DF4AD29F64D6B00783B3B /* FlightAppUITestsLaunchTests.swift */,
			);
			path = FlightAppUITests;
			sourceTree = "<group>";
		};
		B69DF4BA29F64E1300783B3B /* Language  */ = {
			isa = PBXGroup;
			children = (
				B69DF50029F6521E00783B3B /* Localizable.strings */,
			);
			path = "Language ";
			sourceTree = "<group>";
		};
		B69DF4BB29F64F0800783B3B /* Coordinator */ = {
			isa = PBXGroup;
			children = (
				B69DF4E829F650E700783B3B /* MainCoordinator.swift */,
				B69DF4EA29F650F700783B3B /* Coordinator.swift */,
			);
			path = Coordinator;
			sourceTree = "<group>";
		};
		B69DF4BC29F64F0F00783B3B /* MainView */ = {
			isa = PBXGroup;
			children = (
				B69DF4DF29F6509300783B3B /* MainViewController.swift */,
				B69DF4E229F650B200783B3B /* MainViewBind.swift */,
				B69DF4E429F650CB00783B3B /* MainViewTableView.swift */,
				B69DF4E629F650D800783B3B /* MainViewLayout.swift */,
				B69DF4BD29F64F1300783B3B /* MainViewCells */,
			);
			path = MainView;
			sourceTree = "<group>";
		};
		B69DF4BD29F64F1300783B3B /* MainViewCells */ = {
			isa = PBXGroup;
			children = (
				B69DF4DB29F6506300783B3B /* MainViewLargeCell.swift */,
				B69DF4DD29F6507900783B3B /* MainViewCell.swift */,
			);
			path = MainViewCells;
			sourceTree = "<group>";
		};
		B69DF4BE29F64F1900783B3B /* FlightDetails */ = {
			isa = PBXGroup;
			children = (
				B69DF4D529F6500000783B3B /* FlightDetailsVC.swift */,
				B69DF4D729F6501B00783B3B /* FlightDetailsSetup.swift */,
				B69DF4BF29F64F2000783B3B /* FlightDetailsCell */,
				B69DF4D929F6502A00783B3B /* FlightDetailsTableView.swift */,
			);
			path = FlightDetails;
			sourceTree = "<group>";
		};
		B69DF4BF29F64F2000783B3B /* FlightDetailsCell */ = {
			isa = PBXGroup;
			children = (
				B69DF4D329F64FE100783B3B /* FlightDetailsCell.swift */,
			);
			path = FlightDetailsCell;
			sourceTree = "<group>";
		};
		B69DF4C029F64F2B00783B3B /* ViewModel */ = {
			isa = PBXGroup;
			children = (
				B69DF4D129F64FC600783B3B /* ViewModel.swift */,
			);
			path = ViewModel;
			sourceTree = "<group>";
		};
		B69DF4C129F64F3100783B3B /* Model */ = {
			isa = PBXGroup;
			children = (
				B69DF4CF29F64FB900783B3B /* Model.swift */,
			);
			path = Model;
			sourceTree = "<group>";
		};
		B69DF4C229F64F3500783B3B /* Additional */ = {
			isa = PBXGroup;
			children = (
				B69DF4C929F64F8800783B3B /* Miscellanous.swift */,
				B69DF4CB29F64F9E00783B3B /* UniversalUnits.swift */,
				B69DF4CD29F64FAB00783B3B /* QRCodeGen.swift */,
			);
			path = Additional;
			sourceTree = "<group>";
		};
		B69DF4C329F64F3B00783B3B /* DataManagers */ = {
			isa = PBXGroup;
			children = (
				B69DF4C729F64F7A00783B3B /* DataManager.swift */,
			);
			path = DataManagers;
			sourceTree = "<group>";
		};
		B69DF4C429F64F4200783B3B /* Transform */ = {
			isa = PBXGroup;
			children = (
				B69DF4C529F64F6000783B3B /* Transform.swift */,
			);
			path = Transform;
			sourceTree = "<group>";
		};
/* End PBXGroup section */

/* Begin PBXNativeTarget section */
		B69DF48629F64D6900783B3B /* FlightApp */ = {
			isa = PBXNativeTarget;
			buildConfigurationList = B69DF4B129F64D6B00783B3B /* Build configuration list for PBXNativeTarget "FlightApp" */;
			buildPhases = (
				B69DF48329F64D6900783B3B /* Sources */,
				B69DF48429F64D6900783B3B /* Frameworks */,
				B69DF48529F64D6900783B3B /* Resources */,
			);
			buildRules = (
			);
			dependencies = (
			);
			name = FlightApp;
			productName = FlightApp;
			productReference = B69DF48729F64D6900783B3B /* FlightApp.app */;
			productType = "com.apple.product-type.application";
		};
		B69DF49C29F64D6B00783B3B /* FlightAppTests */ = {
			isa = PBXNativeTarget;
			buildConfigurationList = B69DF4B429F64D6B00783B3B /* Build configuration list for PBXNativeTarget "FlightAppTests" */;
			buildPhases = (
				B69DF49929F64D6B00783B3B /* Sources */,
				B69DF49A29F64D6B00783B3B /* Frameworks */,
				B69DF49B29F64D6B00783B3B /* Resources */,
			);
			buildRules = (
			);
			dependencies = (
				B69DF49F29F64D6B00783B3B /* PBXTargetDependency */,
			);
			name = FlightAppTests;
			productName = FlightAppTests;
			productReference = B69DF49D29F64D6B00783B3B /* FlightAppTests.xctest */;
			productType = "com.apple.product-type.bundle.unit-test";
		};
		B69DF4A629F64D6B00783B3B /* FlightAppUITests */ = {
			isa = PBXNativeTarget;
			buildConfigurationList = B69DF4B729F64D6B00783B3B /* Build configuration list for PBXNativeTarget "FlightAppUITests" */;
			buildPhases = (
				B69DF4A329F64D6B00783B3B /* Sources */,
				B69DF4A429F64D6B00783B3B /* Frameworks */,
				B69DF4A529F64D6B00783B3B /* Resources */,
			);
			buildRules = (
			);
			dependencies = (
				B69DF4A929F64D6B00783B3B /* PBXTargetDependency */,
			);
			name = FlightAppUITests;
			productName = FlightAppUITests;
			productReference = B69DF4A729F64D6B00783B3B /* FlightAppUITests.xctest */;
			productType = "com.apple.product-type.bundle.ui-testing";
		};
/* End PBXNativeTarget section */

/* Begin PBXProject section */
		B69DF47F29F64D6900783B3B /* Project object */ = {
			isa = PBXProject;
			attributes = {
				BuildIndependentTargetsInParallel = 1;
				LastSwiftUpdateCheck = 1430;
				LastUpgradeCheck = 1430;
				TargetAttributes = {
					B69DF48629F64D6900783B3B = {
						CreatedOnToolsVersion = 14.3;
					};
					B69DF49C29F64D6B00783B3B = {
						CreatedOnToolsVersion = 14.3;
						TestTargetID = B69DF48629F64D6900783B3B;
					};
					B69DF4A629F64D6B00783B3B = {
						CreatedOnToolsVersion = 14.3;
						TestTargetID = B69DF48629F64D6900783B3B;
					};
				};
			};
			buildConfigurationList = B69DF48229F64D6900783B3B /* Build configuration list for PBXProject "FlightApp" */;
			compatibilityVersion = "Xcode 14.0";
			developmentRegion = en;
			hasScannedForEncodings = 0;
			knownRegions = (
				en,
				Base,
				de,
				ja,
				ru,
			);
			mainGroup = B69DF47E29F64D6900783B3B;
			productRefGroup = B69DF48829F64D6900783B3B /* Products */;
			projectDirPath = "";
			projectRoot = "";
			targets = (
				B69DF48629F64D6900783B3B /* FlightApp */,
				B69DF49C29F64D6B00783B3B /* FlightAppTests */,
				B69DF4A629F64D6B00783B3B /* FlightAppUITests */,
			);
		};
/* End PBXProject section */

/* Begin PBXResourcesBuildPhase section */
		B69DF48529F64D6900783B3B /* Resources */ = {
			isa = PBXResourcesBuildPhase;
			buildActionMask = 2147483647;
			files = (
				B69DF49729F64D6B00783B3B /* LaunchScreen.storyboard in Resources */,
				B69DF4FE29F6521E00783B3B /* Localizable.strings in Resources */,
				B69DF49429F64D6B00783B3B /* Assets.xcassets in Resources */,
				B69DF49229F64D6900783B3B /* Main.storyboard in Resources */,
			);
			runOnlyForDeploymentPostprocessing = 0;
		};
		B69DF49B29F64D6B00783B3B /* Resources */ = {
			isa = PBXResourcesBuildPhase;
			buildActionMask = 2147483647;
			files = (
			);
			runOnlyForDeploymentPostprocessing = 0;
		};
		B69DF4A529F64D6B00783B3B /* Resources */ = {
			isa = PBXResourcesBuildPhase;
			buildActionMask = 2147483647;
			files = (
			);
			runOnlyForDeploymentPostprocessing = 0;
		};
/* End PBXResourcesBuildPhase section */

/* Begin PBXSourcesBuildPhase section */
		B69DF48329F64D6900783B3B /* Sources */ = {
			isa = PBXSourcesBuildPhase;
			buildActionMask = 2147483647;
			files = (
				B69DF4D229F64FC600783B3B /* ViewModel.swift in Sources */,
				B69DF4E929F650E700783B3B /* MainCoordinator.swift in Sources */,
				B69DF4D629F6500000783B3B /* FlightDetailsVC.swift in Sources */,
				B69DF4D029F64FB900783B3B /* Model.swift in Sources */,
				B69DF4CC29F64F9E00783B3B /* UniversalUnits.swift in Sources */,
				B69DF4E329F650B200783B3B /* MainViewBind.swift in Sources */,
				B69DF4EB29F650F700783B3B /* Coordinator.swift in Sources */,
				B69DF4E529F650CB00783B3B /* MainViewTableView.swift in Sources */,
				B69DF4CA29F64F8800783B3B /* Miscellanous.swift in Sources */,
				B69DF4DC29F6506300783B3B /* MainViewLargeCell.swift in Sources */,
				B69DF4CE29F64FAB00783B3B /* QRCodeGen.swift in Sources */,
				B69DF4E729F650D800783B3B /* MainViewLayout.swift in Sources */,
				B69DF4E029F6509300783B3B /* MainViewController.swift in Sources */,
				B69DF48F29F64D6900783B3B /* ViewController.swift in Sources */,
				B69DF4C829F64F7A00783B3B /* DataManager.swift in Sources */,
				B69DF4DA29F6502A00783B3B /* FlightDetailsTableView.swift in Sources */,
				B69DF48B29F64D6900783B3B /* AppDelegate.swift in Sources */,
				B69DF4C629F64F6000783B3B /* Transform.swift in Sources */,
				B69DF4D829F6501B00783B3B /* FlightDetailsSetup.swift in Sources */,
				B69DF4DE29F6507900783B3B /* MainViewCell.swift in Sources */,
				B69DF48D29F64D6900783B3B /* SceneDelegate.swift in Sources */,
				B69DF4D429F64FE100783B3B /* FlightDetailsCell.swift in Sources */,
			);
			runOnlyForDeploymentPostprocessing = 0;
		};
		B69DF49929F64D6B00783B3B /* Sources */ = {
			isa = PBXSourcesBuildPhase;
			buildActionMask = 2147483647;
			files = (
				B69DF4A229F64D6B00783B3B /* FlightAppTests.swift in Sources */,
			);
			runOnlyForDeploymentPostprocessing = 0;
		};
		B69DF4A329F64D6B00783B3B /* Sources */ = {
			isa = PBXSourcesBuildPhase;
			buildActionMask = 2147483647;
			files = (
				B69DF4AE29F64D6B00783B3B /* FlightAppUITestsLaunchTests.swift in Sources */,
				B69DF4AC29F64D6B00783B3B /* FlightAppUITests.swift in Sources */,
			);
			runOnlyForDeploymentPostprocessing = 0;
		};
/* End PBXSourcesBuildPhase section */

/* Begin PBXTargetDependency section */
		B69DF49F29F64D6B00783B3B /* PBXTargetDependency */ = {
			isa = PBXTargetDependency;
			target = B69DF48629F64D6900783B3B /* FlightApp */;
			targetProxy = B69DF49E29F64D6B00783B3B /* PBXContainerItemProxy */;
		};
		B69DF4A929F64D6B00783B3B /* PBXTargetDependency */ = {
			isa = PBXTargetDependency;
			target = B69DF48629F64D6900783B3B /* FlightApp */;
			targetProxy = B69DF4A829F64D6B00783B3B /* PBXContainerItemProxy */;
		};
/* End PBXTargetDependency section */

/* Begin PBXVariantGroup section */
		B69DF49029F64D6900783B3B /* Main.storyboard */ = {
			isa = PBXVariantGroup;
			children = (
				B69DF49129F64D6900783B3B /* Base */,
				B69DF4EC29F6511000783B3B /* de */,
				B69DF4EE29F6511600783B3B /* ja */,
				B69DF4F029F6511B00783B3B /* ru */,
			);
			name = Main.storyboard;
			sourceTree = "<group>";
		};
		B69DF49529F64D6B00783B3B /* LaunchScreen.storyboard */ = {
			isa = PBXVariantGroup;
			children = (
				B69DF49629F64D6B00783B3B /* Base */,
				B69DF4ED29F6511000783B3B /* de */,
				B69DF4EF29F6511600783B3B /* ja */,
				B69DF4F129F6511B00783B3B /* ru */,
			);
			name = LaunchScreen.storyboard;
			sourceTree = "<group>";
		};
		B69DF50029F6521E00783B3B /* Localizable.strings */ = {
			isa = PBXVariantGroup;
			children = (
				B69DF4FF29F6521E00783B3B /* en */,
				B69DF50129F6522300783B3B /* de */,
				B69DF50229F6522700783B3B /* ru */,
				B69DF50329F6522900783B3B /* ja */,
			);
			name = Localizable.strings;
			sourceTree = "<group>";
		};
/* End PBXVariantGroup section */

/* Begin XCBuildConfiguration section */
		B69DF4AF29F64D6B00783B3B /* Debug */ = {
			isa = XCBuildConfiguration;
			buildSettings = {
				ALWAYS_SEARCH_USER_PATHS = NO;
				CLANG_ANALYZER_LOCALIZABILITY_NONLOCALIZED = YES;
				CLANG_ANALYZER_NONNULL = YES;
				CLANG_ANALYZER_NUMBER_OBJECT_CONVERSION = YES_AGGRESSIVE;
				CLANG_CXX_LANGUAGE_STANDARD = "gnu++20";
				CLANG_ENABLE_MODULES = YES;
				CLANG_ENABLE_OBJC_ARC = YES;
				CLANG_ENABLE_OBJC_WEAK = YES;
				CLANG_WARN_BLOCK_CAPTURE_AUTORELEASING = YES;
				CLANG_WARN_BOOL_CONVERSION = YES;
				CLANG_WARN_COMMA = YES;
				CLANG_WARN_CONSTANT_CONVERSION = YES;
				CLANG_WARN_DEPRECATED_OBJC_IMPLEMENTATIONS = YES;
				CLANG_WARN_DIRECT_OBJC_ISA_USAGE = YES_ERROR;
				CLANG_WARN_DOCUMENTATION_COMMENTS = YES;
				CLANG_WARN_EMPTY_BODY = YES;
				CLANG_WARN_ENUM_CONVERSION = YES;
				CLANG_WARN_INFINITE_RECURSION = YES;
				CLANG_WARN_INT_CONVERSION = YES;
				CLANG_WARN_NON_LITERAL_NULL_CONVERSION = YES;
				CLANG_WARN_OBJC_IMPLICIT_RETAIN_SELF = YES;
				CLANG_WARN_OBJC_LITERAL_CONVERSION = YES;
				CLANG_WARN_OBJC_ROOT_CLASS = YES_ERROR;
				CLANG_WARN_QUOTED_INCLUDE_IN_FRAMEWORK_HEADER = YES;
				CLANG_WARN_RANGE_LOOP_ANALYSIS = YES;
				CLANG_WARN_STRICT_PROTOTYPES = YES;
				CLANG_WARN_SUSPICIOUS_MOVE = YES;
				CLANG_WARN_UNGUARDED_AVAILABILITY = YES_AGGRESSIVE;
				CLANG_WARN_UNREACHABLE_CODE = YES;
				CLANG_WARN__DUPLICATE_METHOD_MATCH = YES;
				COPY_PHASE_STRIP = NO;
				DEBUG_INFORMATION_FORMAT = dwarf;
				ENABLE_STRICT_OBJC_MSGSEND = YES;
				ENABLE_TESTABILITY = YES;
				GCC_C_LANGUAGE_STANDARD = gnu11;
				GCC_DYNAMIC_NO_PIC = NO;
				GCC_NO_COMMON_BLOCKS = YES;
				GCC_OPTIMIZATION_LEVEL = 0;
				GCC_PREPROCESSOR_DEFINITIONS = (
					"DEBUG=1",
					"$(inherited)",
				);
				GCC_WARN_64_TO_32_BIT_CONVERSION = YES;
				GCC_WARN_ABOUT_RETURN_TYPE = YES_ERROR;
				GCC_WARN_UNDECLARED_SELECTOR = YES;
				GCC_WARN_UNINITIALIZED_AUTOS = YES_AGGRESSIVE;
				GCC_WARN_UNUSED_FUNCTION = YES;
				GCC_WARN_UNUSED_VARIABLE = YES;
				IPHONEOS_DEPLOYMENT_TARGET = 16.4;
				MTL_ENABLE_DEBUG_INFO = INCLUDE_SOURCE;
				MTL_FAST_MATH = YES;
				ONLY_ACTIVE_ARCH = YES;
				SDKROOT = iphoneos;
				SWIFT_ACTIVE_COMPILATION_CONDITIONS = DEBUG;
				SWIFT_OPTIMIZATION_LEVEL = "-Onone";
			};
			name = Debug;
		};
		B69DF4B029F64D6B00783B3B /* Release */ = {
			isa = XCBuildConfiguration;
			buildSettings = {
				ALWAYS_SEARCH_USER_PATHS = NO;
				CLANG_ANALYZER_LOCALIZABILITY_NONLOCALIZED = YES;
				CLANG_ANALYZER_NONNULL = YES;
				CLANG_ANALYZER_NUMBER_OBJECT_CONVERSION = YES_AGGRESSIVE;
				CLANG_CXX_LANGUAGE_STANDARD = "gnu++20";
				CLANG_ENABLE_MODULES = YES;
				CLANG_ENABLE_OBJC_ARC = YES;
				CLANG_ENABLE_OBJC_WEAK = YES;
				CLANG_WARN_BLOCK_CAPTURE_AUTORELEASING = YES;
				CLANG_WARN_BOOL_CONVERSION = YES;
				CLANG_WARN_COMMA = YES;
				CLANG_WARN_CONSTANT_CONVERSION = YES;
				CLANG_WARN_DEPRECATED_OBJC_IMPLEMENTATIONS = YES;
				CLANG_WARN_DIRECT_OBJC_ISA_USAGE = YES_ERROR;
				CLANG_WARN_DOCUMENTATION_COMMENTS = YES;
				CLANG_WARN_EMPTY_BODY = YES;
				CLANG_WARN_ENUM_CONVERSION = YES;
				CLANG_WARN_INFINITE_RECURSION = YES;
				CLANG_WARN_INT_CONVERSION = YES;
				CLANG_WARN_NON_LITERAL_NULL_CONVERSION = YES;
				CLANG_WARN_OBJC_IMPLICIT_RETAIN_SELF = YES;
				CLANG_WARN_OBJC_LITERAL_CONVERSION = YES;
				CLANG_WARN_OBJC_ROOT_CLASS = YES_ERROR;
				CLANG_WARN_QUOTED_INCLUDE_IN_FRAMEWORK_HEADER = YES;
				CLANG_WARN_RANGE_LOOP_ANALYSIS = YES;
				CLANG_WARN_STRICT_PROTOTYPES = YES;
				CLANG_WARN_SUSPICIOUS_MOVE = YES;
				CLANG_WARN_UNGUARDED_AVAILABILITY = YES_AGGRESSIVE;
				CLANG_WARN_UNREACHABLE_CODE = YES;
				CLANG_WARN__DUPLICATE_METHOD_MATCH = YES;
				COPY_PHASE_STRIP = NO;
				DEBUG_INFORMATION_FORMAT = "dwarf-with-dsym";
				ENABLE_NS_ASSERTIONS = NO;
				ENABLE_STRICT_OBJC_MSGSEND = YES;
				GCC_C_LANGUAGE_STANDARD = gnu11;
				GCC_NO_COMMON_BLOCKS = YES;
				GCC_WARN_64_TO_32_BIT_CONVERSION = YES;
				GCC_WARN_ABOUT_RETURN_TYPE = YES_ERROR;
				GCC_WARN_UNDECLARED_SELECTOR = YES;
				GCC_WARN_UNINITIALIZED_AUTOS = YES_AGGRESSIVE;
				GCC_WARN_UNUSED_FUNCTION = YES;
				GCC_WARN_UNUSED_VARIABLE = YES;
				IPHONEOS_DEPLOYMENT_TARGET = 16.4;
				MTL_ENABLE_DEBUG_INFO = NO;
				MTL_FAST_MATH = YES;
				SDKROOT = iphoneos;
				SWIFT_COMPILATION_MODE = wholemodule;
				SWIFT_OPTIMIZATION_LEVEL = "-O";
				VALIDATE_PRODUCT = YES;
			};
			name = Release;
		};
		B69DF4B229F64D6B00783B3B /* Debug */ = {
			isa = XCBuildConfiguration;
			buildSettings = {
				ASSETCATALOG_COMPILER_APPICON_NAME = AppIcon;
				ASSETCATALOG_COMPILER_GLOBAL_ACCENT_COLOR_NAME = AccentColor;
				CODE_SIGN_STYLE = Automatic;
				CURRENT_PROJECT_VERSION = 1;
				DEVELOPMENT_TEAM = 4HV6C4864X;
				GENERATE_INFOPLIST_FILE = YES;
				INFOPLIST_FILE = FlightApp/Info.plist;
				INFOPLIST_KEY_UIApplicationSupportsIndirectInputEvents = YES;
				INFOPLIST_KEY_UILaunchStoryboardName = LaunchScreen;
				INFOPLIST_KEY_UIMainStoryboardFile = Main;
				INFOPLIST_KEY_UISupportedInterfaceOrientations = UIInterfaceOrientationPortrait;
				INFOPLIST_KEY_UISupportedInterfaceOrientations_iPad = "UIInterfaceOrientationLandscapeLeft UIInterfaceOrientationLandscapeRight UIInterfaceOrientationPortrait UIInterfaceOrientationPortraitUpsideDown";
				LD_RUNPATH_SEARCH_PATHS = (
					"$(inherited)",
					"@executable_path/Frameworks",
				);
				MARKETING_VERSION = 1.0;
				PRODUCT_BUNDLE_IDENTIFIER = TC.FlightApp;
				PRODUCT_NAME = "$(TARGET_NAME)";
				SUPPORTED_PLATFORMS = "iphoneos iphonesimulator";
				SUPPORTS_MACCATALYST = NO;
				SUPPORTS_MAC_DESIGNED_FOR_IPHONE_IPAD = NO;
				SWIFT_EMIT_LOC_STRINGS = YES;
				SWIFT_VERSION = 5.0;
				TARGETED_DEVICE_FAMILY = 1;
			};
			name = Debug;
		};
		B69DF4B329F64D6B00783B3B /* Release */ = {
			isa = XCBuildConfiguration;
			buildSettings = {
				ASSETCATALOG_COMPILER_APPICON_NAME = AppIcon;
				ASSETCATALOG_COMPILER_GLOBAL_ACCENT_COLOR_NAME = AccentColor;
				CODE_SIGN_STYLE = Automatic;
				CURRENT_PROJECT_VERSION = 1;
				DEVELOPMENT_TEAM = 4HV6C4864X;
				GENERATE_INFOPLIST_FILE = YES;
				INFOPLIST_FILE = FlightApp/Info.plist;
				INFOPLIST_KEY_UIApplicationSupportsIndirectInputEvents = YES;
				INFOPLIST_KEY_UILaunchStoryboardName = LaunchScreen;
				INFOPLIST_KEY_UIMainStoryboardFile = Main;
				INFOPLIST_KEY_UISupportedInterfaceOrientations = UIInterfaceOrientationPortrait;
				INFOPLIST_KEY_UISupportedInterfaceOrientations_iPad = "UIInterfaceOrientationLandscapeLeft UIInterfaceOrientationLandscapeRight UIInterfaceOrientationPortrait UIInterfaceOrientationPortraitUpsideDown";
				LD_RUNPATH_SEARCH_PATHS = (
					"$(inherited)",
					"@executable_path/Frameworks",
				);
				MARKETING_VERSION = 1.0;
				PRODUCT_BUNDLE_IDENTIFIER = TC.FlightApp;
				PRODUCT_NAME = "$(TARGET_NAME)";
				SUPPORTED_PLATFORMS = "iphoneos iphonesimulator";
				SUPPORTS_MACCATALYST = NO;
				SUPPORTS_MAC_DESIGNED_FOR_IPHONE_IPAD = NO;
				SWIFT_EMIT_LOC_STRINGS = YES;
				SWIFT_VERSION = 5.0;
				TARGETED_DEVICE_FAMILY = 1;
			};
			name = Release;
		};
		B69DF4B529F64D6B00783B3B /* Debug */ = {
			isa = XCBuildConfiguration;
			buildSettings = {
				ALWAYS_EMBED_SWIFT_STANDARD_LIBRARIES = YES;
				BUNDLE_LOADER = "$(TEST_HOST)";
				CODE_SIGN_STYLE = Automatic;
				CURRENT_PROJECT_VERSION = 1;
				DEVELOPMENT_TEAM = 4HV6C4864X;
				GENERATE_INFOPLIST_FILE = YES;
				IPHONEOS_DEPLOYMENT_TARGET = 16.4;
				MARKETING_VERSION = 1.0;
				PRODUCT_BUNDLE_IDENTIFIER = TC.FlightAppTests;
				PRODUCT_NAME = "$(TARGET_NAME)";
				SWIFT_EMIT_LOC_STRINGS = NO;
				SWIFT_VERSION = 5.0;
				TARGETED_DEVICE_FAMILY = "1,2";
				TEST_HOST = "$(BUILT_PRODUCTS_DIR)/FlightApp.app/$(BUNDLE_EXECUTABLE_FOLDER_PATH)/FlightApp";
			};
			name = Debug;
		};
		B69DF4B629F64D6B00783B3B /* Release */ = {
			isa = XCBuildConfiguration;
			buildSettings = {
				ALWAYS_EMBED_SWIFT_STANDARD_LIBRARIES = YES;
				BUNDLE_LOADER = "$(TEST_HOST)";
				CODE_SIGN_STYLE = Automatic;
				CURRENT_PROJECT_VERSION = 1;
				DEVELOPMENT_TEAM = 4HV6C4864X;
				GENERATE_INFOPLIST_FILE = YES;
				IPHONEOS_DEPLOYMENT_TARGET = 16.4;
				MARKETING_VERSION = 1.0;
				PRODUCT_BUNDLE_IDENTIFIER = TC.FlightAppTests;
				PRODUCT_NAME = "$(TARGET_NAME)";
				SWIFT_EMIT_LOC_STRINGS = NO;
				SWIFT_VERSION = 5.0;
				TARGETED_DEVICE_FAMILY = "1,2";
				TEST_HOST = "$(BUILT_PRODUCTS_DIR)/FlightApp.app/$(BUNDLE_EXECUTABLE_FOLDER_PATH)/FlightApp";
			};
			name = Release;
		};
		B69DF4B829F64D6B00783B3B /* Debug */ = {
			isa = XCBuildConfiguration;
			buildSettings = {
				ALWAYS_EMBED_SWIFT_STANDARD_LIBRARIES = YES;
				CODE_SIGN_STYLE = Automatic;
				CURRENT_PROJECT_VERSION = 1;
				DEVELOPMENT_TEAM = 4HV6C4864X;
				GENERATE_INFOPLIST_FILE = YES;
				MARKETING_VERSION = 1.0;
				PRODUCT_BUNDLE_IDENTIFIER = TC.FlightAppUITests;
				PRODUCT_NAME = "$(TARGET_NAME)";
				SWIFT_EMIT_LOC_STRINGS = NO;
				SWIFT_VERSION = 5.0;
				TARGETED_DEVICE_FAMILY = "1,2";
				TEST_TARGET_NAME = FlightApp;
			};
			name = Debug;
		};
		B69DF4B929F64D6B00783B3B /* Release */ = {
			isa = XCBuildConfiguration;
			buildSettings = {
				ALWAYS_EMBED_SWIFT_STANDARD_LIBRARIES = YES;
				CODE_SIGN_STYLE = Automatic;
				CURRENT_PROJECT_VERSION = 1;
				DEVELOPMENT_TEAM = 4HV6C4864X;
				GENERATE_INFOPLIST_FILE = YES;
				MARKETING_VERSION = 1.0;
				PRODUCT_BUNDLE_IDENTIFIER = TC.FlightAppUITests;
				PRODUCT_NAME = "$(TARGET_NAME)";
				SWIFT_EMIT_LOC_STRINGS = NO;
				SWIFT_VERSION = 5.0;
				TARGETED_DEVICE_FAMILY = "1,2";
				TEST_TARGET_NAME = FlightApp;
			};
			name = Release;
		};
/* End XCBuildConfiguration section */

/* Begin XCConfigurationList section */
		B69DF48229F64D6900783B3B /* Build configuration list for PBXProject "FlightApp" */ = {
			isa = XCConfigurationList;
			buildConfigurations = (
				B69DF4AF29F64D6B00783B3B /* Debug */,
				B69DF4B029F64D6B00783B3B /* Release */,
			);
			defaultConfigurationIsVisible = 0;
			defaultConfigurationName = Release;
		};
		B69DF4B129F64D6B00783B3B /* Build configuration list for PBXNativeTarget "FlightApp" */ = {
			isa = XCConfigurationList;
			buildConfigurations = (
				B69DF4B229F64D6B00783B3B /* Debug */,
				B69DF4B329F64D6B00783B3B /* Release */,
			);
			defaultConfigurationIsVisible = 0;
			defaultConfigurationName = Release;
		};
		B69DF4B429F64D6B00783B3B /* Build configuration list for PBXNativeTarget "FlightAppTests" */ = {
			isa = XCConfigurationList;
			buildConfigurations = (
				B69DF4B529F64D6B00783B3B /* Debug */,
				B69DF4B629F64D6B00783B3B /* Release */,
			);
			defaultConfigurationIsVisible = 0;
			defaultConfigurationName = Release;
		};
		B69DF4B729F64D6B00783B3B /* Build configuration list for PBXNativeTarget "FlightAppUITests" */ = {
			isa = XCConfigurationList;
			buildConfigurations = (
				B69DF4B829F64D6B00783B3B /* Debug */,
				B69DF4B929F64D6B00783B3B /* Release */,
			);
			defaultConfigurationIsVisible = 0;
			defaultConfigurationName = Release;
		};
/* End XCConfigurationList section */
	};
	rootObject = B69DF47F29F64D6900783B3B /* Project object */;
}
